
Microsoft Visual Studio Solution File, Format Version 12.00
# Visual Studio 15
VisualStudioVersion = 15.0.28010.2003
MinimumVisualStudioVersion = 10.0.40219.1
Project("{FAE04EC0-301F-11D3-BF4B-00C04F79EFBC}") = "UnityMetadataEditor", "UnityMetadataEditor\UnityMetadataEditor.csproj", "{AEDF27EB-A42D-46C4-B028-7AF0193AAB5C}"
EndProject
Project("{D954291E-2A0B-460D-934E-DC6B0785DB48}") = "UPHELib", "..\UPHELib\UPHELib.shproj", "{DA0DBA6D-2D60-4ED6-864A-9431D197D788}"
EndProject
Global
	GlobalSection(SharedMSBuildProjectFiles) = preSolution
		..\UPHELib\UPHELib.projitems*{aedf27eb-a42d-46c4-b028-7af0193aab5c}*SharedItemsImports = 4
		..\UPHELib\UPHELib.projitems*{da0dba6d-2d60-4ed6-864a-9431d197d788}*SharedItemsImports = 13
	EndGlobalSection
	GlobalSection(SolutionConfigurationPlatforms) = preSolution
		Debug|Any CPU = Debug|Any CPU
		Release|Any CPU = Release|Any CPU
	EndGlobalSection
	GlobalSection(ProjectConfigurationPlatforms) = postSolution
		{AEDF27EB-A42D-46C4-B028-7AF0193AAB5C}.Debug|Any CPU.ActiveCfg = Debug|Any CPU
		{AEDF27EB-A42D-46C4-B028-7AF0193AAB5C}.Debug|Any CPU.Build.0 = Debug|Any CPU
		{AEDF27EB-A42D-46C4-B028-7AF0193AAB5C}.Release|Any CPU.ActiveCfg = Release|Any CPU
		{AEDF27EB-A42D-46C4-B028-7AF0193AAB5C}.Release|Any CPU.Build.0 = Release|Any CPU
	EndGlobalSection
	GlobalSection(SolutionProperties) = preSolution
		HideSolutionNode = FALSE
	EndGlobalSection
	GlobalSection(ExtensibilityGlobals) = postSolution
		SolutionGuid = {7EBE89C0-99A6-4493-91FF-759C88A2B552}
	EndGlobalSection
EndGlobal
